// !$*UTF8*$!
{
	archiveVersion = 1;
	classes = {
	};
	objectVersion = 56;
	objects = {

/* Begin PBXBuildFile section */
		D215B5302DA81F5700260536 /* ContentView.swift in Sources */ = {isa = PBXBuildFile; fileRef = D23D7AAB2D1C215D0016B8D1 /* ContentView.swift */; };
		D215B5312DA81F5700260536 /* splash.swift in Sources */ = {isa = PBXBuildFile; fileRef = D2939B212D1C337800A037AA /* splash.swift */; };
		D215B5322DA81F5700260536 /* sohwagi_iosApp.swift in Sources */ = {isa = PBXBuildFile; fileRef = D23D7AA92D1C215D0016B8D1 /* sohwagi_iosApp.swift */; };
		D215B5342DA81F5700260536 /* FirebaseMessaging in Frameworks */ = {isa = PBXBuildFile; productRef = D215B52E2DA81F5700260536 /* FirebaseMessaging */; };
		D215B5352DA81F5700260536 /* FirebaseCore in Frameworks */ = {isa = PBXBuildFile; productRef = D215B52D2DA81F5700260536 /* FirebaseCore */; };
		D215B5362DA81F5700260536 /* WebKit.framework in Frameworks */ = {isa = PBXBuildFile; fileRef = D2D600902D290D9400E5EAF1 /* WebKit.framework */; };
		D215B5372DA81F5700260536 /* FirebaseAuth in Frameworks */ = {isa = PBXBuildFile; productRef = D215B52B2DA81F5700260536 /* FirebaseAuth */; };
		D215B5392DA81F5700260536 /* Preview Assets.xcassets in Resources */ = {isa = PBXBuildFile; fileRef = D23D7AB02D1C215D0016B8D1 /* Preview Assets.xcassets */; };
		D215B53A2DA81F5700260536 /* Assets.xcassets in Resources */ = {isa = PBXBuildFile; fileRef = D23D7AAD2D1C215D0016B8D1 /* Assets.xcassets */; };
		D215B53B2DA81F5700260536 /* GoogleService-Info.plist in Resources */ = {isa = PBXBuildFile; fileRef = D23D7AD32D1C226A0016B8D1 /* GoogleService-Info.plist */; };
		D23D7AAA2D1C215D0016B8D1 /* sohwagi_iosApp.swift in Sources */ = {isa = PBXBuildFile; fileRef = D23D7AA92D1C215D0016B8D1 /* sohwagi_iosApp.swift */; };
		D23D7AAC2D1C215D0016B8D1 /* ContentView.swift in Sources */ = {isa = PBXBuildFile; fileRef = D23D7AAB2D1C215D0016B8D1 /* ContentView.swift */; };
		D23D7AAE2D1C215D0016B8D1 /* Assets.xcassets in Resources */ = {isa = PBXBuildFile; fileRef = D23D7AAD2D1C215D0016B8D1 /* Assets.xcassets */; };
		D23D7AB12D1C215D0016B8D1 /* Preview Assets.xcassets in Resources */ = {isa = PBXBuildFile; fileRef = D23D7AB02D1C215D0016B8D1 /* Preview Assets.xcassets */; };
		D23D7ABB2D1C215D0016B8D1 /* sohwagi_iosTests.swift in Sources */ = {isa = PBXBuildFile; fileRef = D23D7ABA2D1C215D0016B8D1 /* sohwagi_iosTests.swift */; };
		D23D7AC52D1C215D0016B8D1 /* sohwagi_iosUITests.swift in Sources */ = {isa = PBXBuildFile; fileRef = D23D7AC42D1C215D0016B8D1 /* sohwagi_iosUITests.swift */; };
		D23D7AC72D1C215D0016B8D1 /* sohwagi_iosUITestsLaunchTests.swift in Sources */ = {isa = PBXBuildFile; fileRef = D23D7AC62D1C215D0016B8D1 /* sohwagi_iosUITestsLaunchTests.swift */; };
		D23D7AD42D1C226A0016B8D1 /* GoogleService-Info.plist in Resources */ = {isa = PBXBuildFile; fileRef = D23D7AD32D1C226A0016B8D1 /* GoogleService-Info.plist */; };
		D2939B1A2D1C25BB00A037AA /* FirebaseAuth in Frameworks */ = {isa = PBXBuildFile; productRef = D2939B192D1C25BB00A037AA /* FirebaseAuth */; };
		D2939B1C2D1C25BF00A037AA /* FirebaseCore in Frameworks */ = {isa = PBXBuildFile; productRef = D2939B1B2D1C25BF00A037AA /* FirebaseCore */; };
		D2939B202D1C27BF00A037AA /* FirebaseMessaging in Frameworks */ = {isa = PBXBuildFile; productRef = D2939B1F2D1C27BF00A037AA /* FirebaseMessaging */; };
		D2939B222D1C337800A037AA /* splash.swift in Sources */ = {isa = PBXBuildFile; fileRef = D2939B212D1C337800A037AA /* splash.swift */; };
		D2D600912D290D9400E5EAF1 /* WebKit.framework in Frameworks */ = {isa = PBXBuildFile; fileRef = D2D600902D290D9400E5EAF1 /* WebKit.framework */; };
		D2E56B592DA82DA400F335B8 /* Info_dev.plist in Resources */ = {isa = PBXBuildFile; fileRef = D2E56B582DA82DA400F335B8 /* Info_dev.plist */; };
/* End PBXBuildFile section */

/* Begin PBXContainerItemProxy section */
		D23D7AB72D1C215D0016B8D1 /* PBXContainerItemProxy */ = {
			isa = PBXContainerItemProxy;
			containerPortal = D23D7A9E2D1C215D0016B8D1 /* Project object */;
			proxyType = 1;
			remoteGlobalIDString = D23D7AA52D1C215D0016B8D1;
			remoteInfo = sohwagi_ios;
		};
		D23D7AC12D1C215D0016B8D1 /* PBXContainerItemProxy */ = {
			isa = PBXContainerItemProxy;
			containerPortal = D23D7A9E2D1C215D0016B8D1 /* Project object */;
			proxyType = 1;
			remoteGlobalIDString = D23D7AA52D1C215D0016B8D1;
			remoteInfo = sohwagi_ios;
		};
/* End PBXContainerItemProxy section */

/* Begin PBXFileReference section */
		D215B53F2DA81F5700260536 /* sohwagi_ios_dev.app */ = {isa = PBXFileReference; explicitFileType = wrapper.application; includeInIndex = 0; path = sohwagi_ios_dev.app; sourceTree = BUILT_PRODUCTS_DIR; };
		D23D7AA62D1C215D0016B8D1 /* sohwagi_ios.app */ = {isa = PBXFileReference; explicitFileType = wrapper.application; includeInIndex = 0; path = sohwagi_ios.app; sourceTree = BUILT_PRODUCTS_DIR; };
		D23D7AA92D1C215D0016B8D1 /* sohwagi_iosApp.swift */ = {isa = PBXFileReference; lastKnownFileType = sourcecode.swift; path = sohwagi_iosApp.swift; sourceTree = "<group>"; };
		D23D7AAB2D1C215D0016B8D1 /* ContentView.swift */ = {isa = PBXFileReference; lastKnownFileType = sourcecode.swift; path = ContentView.swift; sourceTree = "<group>"; };
		D23D7AAD2D1C215D0016B8D1 /* Assets.xcassets */ = {isa = PBXFileReference; lastKnownFileType = folder.assetcatalog; path = Assets.xcassets; sourceTree = "<group>"; };
		D23D7AB02D1C215D0016B8D1 /* Preview Assets.xcassets */ = {isa = PBXFileReference; lastKnownFileType = folder.assetcatalog; path = "Preview Assets.xcassets"; sourceTree = "<group>"; };
		D23D7AB62D1C215D0016B8D1 /* sohwagi_iosTests.xctest */ = {isa = PBXFileReference; explicitFileType = wrapper.cfbundle; includeInIndex = 0; path = sohwagi_iosTests.xctest; sourceTree = BUILT_PRODUCTS_DIR; };
		D23D7ABA2D1C215D0016B8D1 /* sohwagi_iosTests.swift */ = {isa = PBXFileReference; lastKnownFileType = sourcecode.swift; path = sohwagi_iosTests.swift; sourceTree = "<group>"; };
		D23D7AC02D1C215D0016B8D1 /* sohwagi_iosUITests.xctest */ = {isa = PBXFileReference; explicitFileType = wrapper.cfbundle; includeInIndex = 0; path = sohwagi_iosUITests.xctest; sourceTree = BUILT_PRODUCTS_DIR; };
		D23D7AC42D1C215D0016B8D1 /* sohwagi_iosUITests.swift */ = {isa = PBXFileReference; lastKnownFileType = sourcecode.swift; path = sohwagi_iosUITests.swift; sourceTree = "<group>"; };
		D23D7AC62D1C215D0016B8D1 /* sohwagi_iosUITestsLaunchTests.swift */ = {isa = PBXFileReference; lastKnownFileType = sourcecode.swift; path = sohwagi_iosUITestsLaunchTests.swift; sourceTree = "<group>"; };
		D23D7AD32D1C226A0016B8D1 /* GoogleService-Info.plist */ = {isa = PBXFileReference; fileEncoding = 4; lastKnownFileType = text.plist.xml; name = "GoogleService-Info.plist"; path = "../GoogleService-Info.plist"; sourceTree = "<group>"; };
		D2939B1D2D1C26C800A037AA /* sohwagi_ios.entitlements */ = {isa = PBXFileReference; lastKnownFileType = text.plist.entitlements; path = sohwagi_ios.entitlements; sourceTree = "<group>"; };
		D2939B1E2D1C270C00A037AA /* sohwagi-ios-Info.plist */ = {isa = PBXFileReference; lastKnownFileType = text.plist; path = "sohwagi-ios-Info.plist"; sourceTree = SOURCE_ROOT; };
		D2939B212D1C337800A037AA /* splash.swift */ = {isa = PBXFileReference; lastKnownFileType = sourcecode.swift; path = splash.swift; sourceTree = "<group>"; };
		D2D600902D290D9400E5EAF1 /* WebKit.framework */ = {isa = PBXFileReference; lastKnownFileType = wrapper.framework; name = WebKit.framework; path = System/Library/Frameworks/WebKit.framework; sourceTree = SDKROOT; };
		D2E56B582DA82DA400F335B8 /* Info_dev.plist */ = {isa = PBXFileReference; lastKnownFileType = text.plist.xml; path = Info_dev.plist; sourceTree = "<group>"; };
/* End PBXFileReference section */

/* Begin PBXFrameworksBuildPhase section */
		D215B5332DA81F5700260536 /* Frameworks */ = {
			isa = PBXFrameworksBuildPhase;
			buildActionMask = 2147483647;
			files = (
				D215B5342DA81F5700260536 /* FirebaseMessaging in Frameworks */,
				D215B5352DA81F5700260536 /* FirebaseCore in Frameworks */,
				D215B5362DA81F5700260536 /* WebKit.framework in Frameworks */,
				D215B5372DA81F5700260536 /* FirebaseAuth in Frameworks */,
			);
			runOnlyForDeploymentPostprocessing = 0;
		};
		D23D7AA32D1C215D0016B8D1 /* Frameworks */ = {
			isa = PBXFrameworksBuildPhase;
			buildActionMask = 2147483647;
			files = (
				D2939B202D1C27BF00A037AA /* FirebaseMessaging in Frameworks */,
				D2939B1C2D1C25BF00A037AA /* FirebaseCore in Frameworks */,
				D2D600912D290D9400E5EAF1 /* WebKit.framework in Frameworks */,
				D2939B1A2D1C25BB00A037AA /* FirebaseAuth in Frameworks */,
			);
			runOnlyForDeploymentPostprocessing = 0;
		};
		D23D7AB32D1C215D0016B8D1 /* Frameworks */ = {
			isa = PBXFrameworksBuildPhase;
			buildActionMask = 2147483647;
			files = (
			);
			runOnlyForDeploymentPostprocessing = 0;
		};
		D23D7ABD2D1C215D0016B8D1 /* Frameworks */ = {
			isa = PBXFrameworksBuildPhase;
			buildActionMask = 2147483647;
			files = (
			);
			runOnlyForDeploymentPostprocessing = 0;
		};
/* End PBXFrameworksBuildPhase section */

/* Begin PBXGroup section */
		D23D7A9D2D1C215D0016B8D1 = {
			isa = PBXGroup;
			children = (
				D23D7AA82D1C215D0016B8D1 /* sohwagi_ios */,
				D23D7AB92D1C215D0016B8D1 /* sohwagi_iosTests */,
				D23D7AC32D1C215D0016B8D1 /* sohwagi_iosUITests */,
				D23D7AA72D1C215D0016B8D1 /* Products */,
				D2939B182D1C25BB00A037AA /* Frameworks */,
			);
			sourceTree = "<group>";
		};
		D23D7AA72D1C215D0016B8D1 /* Products */ = {
			isa = PBXGroup;
			children = (
				D23D7AA62D1C215D0016B8D1 /* sohwagi_ios.app */,
				D23D7AB62D1C215D0016B8D1 /* sohwagi_iosTests.xctest */,
				D23D7AC02D1C215D0016B8D1 /* sohwagi_iosUITests.xctest */,
				D215B53F2DA81F5700260536 /* sohwagi_ios_dev.app */,
			);
			name = Products;
			sourceTree = "<group>";
		};
		D23D7AA82D1C215D0016B8D1 /* sohwagi_ios */ = {
			isa = PBXGroup;
			children = (
				D2939B1E2D1C270C00A037AA /* sohwagi-ios-Info.plist */,
				D2939B1D2D1C26C800A037AA /* sohwagi_ios.entitlements */,
				D23D7AD32D1C226A0016B8D1 /* GoogleService-Info.plist */,
				D23D7AA92D1C215D0016B8D1 /* sohwagi_iosApp.swift */,
				D23D7AAB2D1C215D0016B8D1 /* ContentView.swift */,
				D2939B212D1C337800A037AA /* splash.swift */,
				D23D7AAD2D1C215D0016B8D1 /* Assets.xcassets */,
				D23D7AAF2D1C215D0016B8D1 /* Preview Content */,
				D2E56B582DA82DA400F335B8 /* Info_dev.plist */,
			);
			path = sohwagi_ios;
			sourceTree = "<group>";
		};
		D23D7AAF2D1C215D0016B8D1 /* Preview Content */ = {
			isa = PBXGroup;
			children = (
				D23D7AB02D1C215D0016B8D1 /* Preview Assets.xcassets */,
			);
			path = "Preview Content";
			sourceTree = "<group>";
		};
		D23D7AB92D1C215D0016B8D1 /* sohwagi_iosTests */ = {
			isa = PBXGroup;
			children = (
				D23D7ABA2D1C215D0016B8D1 /* sohwagi_iosTests.swift */,
			);
			path = sohwagi_iosTests;
			sourceTree = "<group>";
		};
		D23D7AC32D1C215D0016B8D1 /* sohwagi_iosUITests */ = {
			isa = PBXGroup;
			children = (
				D23D7AC42D1C215D0016B8D1 /* sohwagi_iosUITests.swift */,
				D23D7AC62D1C215D0016B8D1 /* sohwagi_iosUITestsLaunchTests.swift */,
			);
			path = sohwagi_iosUITests;
			sourceTree = "<group>";
		};
		D2939B182D1C25BB00A037AA /* Frameworks */ = {
			isa = PBXGroup;
			children = (
				D2D600902D290D9400E5EAF1 /* WebKit.framework */,
			);
			name = Frameworks;
			sourceTree = "<group>";
		};
/* End PBXGroup section */

/* Begin PBXNativeTarget section */
		D215B52A2DA81F5700260536 /* sohwagi_ios_dev */ = {
			isa = PBXNativeTarget;
			buildConfigurationList = D215B53C2DA81F5700260536 /* Build configuration list for PBXNativeTarget "sohwagi_ios_dev" */;
			buildPhases = (
				D215B52F2DA81F5700260536 /* Sources */,
				D215B5332DA81F5700260536 /* Frameworks */,
				D215B5382DA81F5700260536 /* Resources */,
			);
			buildRules = (
			);
			dependencies = (
			);
			name = sohwagi_ios_dev;
			packageProductDependencies = (
				D215B52B2DA81F5700260536 /* FirebaseAuth */,
				D215B52D2DA81F5700260536 /* FirebaseCore */,
				D215B52E2DA81F5700260536 /* FirebaseMessaging */,
			);
			productName = sohwagi_ios;
			productReference = D215B53F2DA81F5700260536 /* sohwagi_ios_dev.app */;
			productType = "com.apple.product-type.application";
		};
		D23D7AA52D1C215D0016B8D1 /* sohwagi_ios */ = {
			isa = PBXNativeTarget;
			buildConfigurationList = D23D7ACA2D1C215D0016B8D1 /* Build configuration list for PBXNativeTarget "sohwagi_ios" */;
			buildPhases = (
				D23D7AA22D1C215D0016B8D1 /* Sources */,
				D23D7AA32D1C215D0016B8D1 /* Frameworks */,
				D23D7AA42D1C215D0016B8D1 /* Resources */,
			);
			buildRules = (
			);
			dependencies = (
			);
			name = sohwagi_ios;
			packageProductDependencies = (
				D2939B192D1C25BB00A037AA /* FirebaseAuth */,
				D2939B1B2D1C25BF00A037AA /* FirebaseCore */,
				D2939B1F2D1C27BF00A037AA /* FirebaseMessaging */,
			);
			productName = sohwagi_ios;
			productReference = D23D7AA62D1C215D0016B8D1 /* sohwagi_ios.app */;
			productType = "com.apple.product-type.application";
		};
		D23D7AB52D1C215D0016B8D1 /* sohwagi_iosTests */ = {
			isa = PBXNativeTarget;
			buildConfigurationList = D23D7ACD2D1C215D0016B8D1 /* Build configuration list for PBXNativeTarget "sohwagi_iosTests" */;
			buildPhases = (
				D23D7AB22D1C215D0016B8D1 /* Sources */,
				D23D7AB32D1C215D0016B8D1 /* Frameworks */,
				D23D7AB42D1C215D0016B8D1 /* Resources */,
			);
			buildRules = (
			);
			dependencies = (
				D23D7AB82D1C215D0016B8D1 /* PBXTargetDependency */,
			);
			name = sohwagi_iosTests;
			productName = sohwagi_iosTests;
			productReference = D23D7AB62D1C215D0016B8D1 /* sohwagi_iosTests.xctest */;
			productType = "com.apple.product-type.bundle.unit-test";
		};
		D23D7ABF2D1C215D0016B8D1 /* sohwagi_iosUITests */ = {
			isa = PBXNativeTarget;
			buildConfigurationList = D23D7AD02D1C215D0016B8D1 /* Build configuration list for PBXNativeTarget "sohwagi_iosUITests" */;
			buildPhases = (
				D23D7ABC2D1C215D0016B8D1 /* Sources */,
				D23D7ABD2D1C215D0016B8D1 /* Frameworks */,
				D23D7ABE2D1C215D0016B8D1 /* Resources */,
			);
			buildRules = (
			);
			dependencies = (
				D23D7AC22D1C215D0016B8D1 /* PBXTargetDependency */,
			);
			name = sohwagi_iosUITests;
			productName = sohwagi_iosUITests;
			productReference = D23D7AC02D1C215D0016B8D1 /* sohwagi_iosUITests.xctest */;
			productType = "com.apple.product-type.bundle.ui-testing";
		};
/* End PBXNativeTarget section */

/* Begin PBXProject section */
		D23D7A9E2D1C215D0016B8D1 /* Project object */ = {
			isa = PBXProject;
			attributes = {
				BuildIndependentTargetsInParallel = 1;
				LastSwiftUpdateCheck = 1540;
				LastUpgradeCheck = 1540;
				TargetAttributes = {
					D23D7AA52D1C215D0016B8D1 = {
						CreatedOnToolsVersion = 15.4;
					};
					D23D7AB52D1C215D0016B8D1 = {
						CreatedOnToolsVersion = 15.4;
						TestTargetID = D23D7AA52D1C215D0016B8D1;
					};
					D23D7ABF2D1C215D0016B8D1 = {
						CreatedOnToolsVersion = 15.4;
						TestTargetID = D23D7AA52D1C215D0016B8D1;
					};
				};
			};
			buildConfigurationList = D23D7AA12D1C215D0016B8D1 /* Build configuration list for PBXProject "sohwagi_ios" */;
			compatibilityVersion = "Xcode 14.0";
			developmentRegion = en;
			hasScannedForEncodings = 0;
			knownRegions = (
				en,
				Base,
			);
			mainGroup = D23D7A9D2D1C215D0016B8D1;
			packageReferences = (
				D23D7AD52D1C22CA0016B8D1 /* XCRemoteSwiftPackageReference "firebase-ios-sdk" */,
			);
			productRefGroup = D23D7AA72D1C215D0016B8D1 /* Products */;
			projectDirPath = "";
			projectRoot = "";
			targets = (
				D23D7AA52D1C215D0016B8D1 /* sohwagi_ios */,
				D23D7AB52D1C215D0016B8D1 /* sohwagi_iosTests */,
				D23D7ABF2D1C215D0016B8D1 /* sohwagi_iosUITests */,
				D215B52A2DA81F5700260536 /* sohwagi_ios_dev */,
			);
		};
/* End PBXProject section */

/* Begin PBXResourcesBuildPhase section */
		D215B5382DA81F5700260536 /* Resources */ = {
			isa = PBXResourcesBuildPhase;
			buildActionMask = 2147483647;
			files = (
				D215B5392DA81F5700260536 /* Preview Assets.xcassets in Resources */,
				D215B53A2DA81F5700260536 /* Assets.xcassets in Resources */,
				D2E56B592DA82DA400F335B8 /* Info_dev.plist in Resources */,
				D215B53B2DA81F5700260536 /* GoogleService-Info.plist in Resources */,
			);
			runOnlyForDeploymentPostprocessing = 0;
		};
		D23D7AA42D1C215D0016B8D1 /* Resources */ = {
			isa = PBXResourcesBuildPhase;
			buildActionMask = 2147483647;
			files = (
				D23D7AB12D1C215D0016B8D1 /* Preview Assets.xcassets in Resources */,
				D23D7AAE2D1C215D0016B8D1 /* Assets.xcassets in Resources */,
				D23D7AD42D1C226A0016B8D1 /* GoogleService-Info.plist in Resources */,
			);
			runOnlyForDeploymentPostprocessing = 0;
		};
		D23D7AB42D1C215D0016B8D1 /* Resources */ = {
			isa = PBXResourcesBuildPhase;
			buildActionMask = 2147483647;
			files = (
			);
			runOnlyForDeploymentPostprocessing = 0;
		};
		D23D7ABE2D1C215D0016B8D1 /* Resources */ = {
			isa = PBXResourcesBuildPhase;
			buildActionMask = 2147483647;
			files = (
			);
			runOnlyForDeploymentPostprocessing = 0;
		};
/* End PBXResourcesBuildPhase section */

/* Begin PBXSourcesBuildPhase section */
		D215B52F2DA81F5700260536 /* Sources */ = {
			isa = PBXSourcesBuildPhase;
			buildActionMask = 2147483647;
			files = (
				D215B5302DA81F5700260536 /* ContentView.swift in Sources */,
				D215B5312DA81F5700260536 /* splash.swift in Sources */,
				D215B5322DA81F5700260536 /* sohwagi_iosApp.swift in Sources */,
			);
			runOnlyForDeploymentPostprocessing = 0;
		};
		D23D7AA22D1C215D0016B8D1 /* Sources */ = {
			isa = PBXSourcesBuildPhase;
			buildActionMask = 2147483647;
			files = (
				D23D7AAC2D1C215D0016B8D1 /* ContentView.swift in Sources */,
				D2939B222D1C337800A037AA /* splash.swift in Sources */,
				D23D7AAA2D1C215D0016B8D1 /* sohwagi_iosApp.swift in Sources */,
			);
			runOnlyForDeploymentPostprocessing = 0;
		};
		D23D7AB22D1C215D0016B8D1 /* Sources */ = {
			isa = PBXSourcesBuildPhase;
			buildActionMask = 2147483647;
			files = (
				D23D7ABB2D1C215D0016B8D1 /* sohwagi_iosTests.swift in Sources */,
			);
			runOnlyForDeploymentPostprocessing = 0;
		};
		D23D7ABC2D1C215D0016B8D1 /* Sources */ = {
			isa = PBXSourcesBuildPhase;
			buildActionMask = 2147483647;
			files = (
				D23D7AC52D1C215D0016B8D1 /* sohwagi_iosUITests.swift in Sources */,
				D23D7AC72D1C215D0016B8D1 /* sohwagi_iosUITestsLaunchTests.swift in Sources */,
			);
			runOnlyForDeploymentPostprocessing = 0;
		};
/* End PBXSourcesBuildPhase section */

/* Begin PBXTargetDependency section */
		D23D7AB82D1C215D0016B8D1 /* PBXTargetDependency */ = {
			isa = PBXTargetDependency;
			target = D23D7AA52D1C215D0016B8D1 /* sohwagi_ios */;
			targetProxy = D23D7AB72D1C215D0016B8D1 /* PBXContainerItemProxy */;
		};
		D23D7AC22D1C215D0016B8D1 /* PBXTargetDependency */ = {
			isa = PBXTargetDependency;
			target = D23D7AA52D1C215D0016B8D1 /* sohwagi_ios */;
			targetProxy = D23D7AC12D1C215D0016B8D1 /* PBXContainerItemProxy */;
		};
/* End PBXTargetDependency section */

/* Begin XCBuildConfiguration section */
		D215B53D2DA81F5700260536 /* Debug */ = {
			isa = XCBuildConfiguration;
			buildSettings = {
				ASSETCATALOG_COMPILER_APPICON_NAME = AppIcon;
				ASSETCATALOG_COMPILER_GLOBAL_ACCENT_COLOR_NAME = AccentColor;
				CODE_SIGN_ENTITLEMENTS = sohwagi_ios/sohwagi_ios.entitlements;
				CODE_SIGN_STYLE = Automatic;
				CURRENT_PROJECT_VERSION = 1;
				DEVELOPMENT_ASSET_PATHS = "\"sohwagi_ios/Preview Content\"";
				DEVELOPMENT_TEAM = NB9CWVKQN2;
				ENABLE_PREVIEWS = YES;
				GENERATE_INFOPLIST_FILE = YES;
				INFOPLIST_FILE = "$(SRCROOT)/sohwagi_ios/Info_dev.plist";
				INFOPLIST_KEY_CFBundleDisplayName = "소화기_dev";
				INFOPLIST_KEY_UIApplicationSceneManifest_Generation = YES;
				INFOPLIST_KEY_UIApplicationSupportsIndirectInputEvents = YES;
				INFOPLIST_KEY_UILaunchScreen_Generation = YES;
				INFOPLIST_KEY_UISupportedInterfaceOrientations_iPad = "UIInterfaceOrientationPortrait UIInterfaceOrientationPortraitUpsideDown UIInterfaceOrientationLandscapeLeft UIInterfaceOrientationLandscapeRight";
				INFOPLIST_KEY_UISupportedInterfaceOrientations_iPhone = "UIInterfaceOrientationPortrait UIInterfaceOrientationLandscapeLeft UIInterfaceOrientationLandscapeRight";
				LD_RUNPATH_SEARCH_PATHS = (
					"$(inherited)",
					"@executable_path/Frameworks",
				);
				MARKETING_VERSION = 1.0.0;
				PRODUCT_BUNDLE_IDENTIFIER = com.sohwagi.ios.dev;
				PRODUCT_NAME = "$(TARGET_NAME)";
				SUPPORTED_PLATFORMS = "iphoneos iphonesimulator";
				SUPPORTS_MACCATALYST = NO;
				SUPPORTS_MAC_DESIGNED_FOR_IPHONE_IPAD = NO;
				SUPPORTS_XR_DESIGNED_FOR_IPHONE_IPAD = NO;
				SWIFT_ACTIVE_COMPILATION_CONDITIONS = "DEV DEBUG";
				SWIFT_EMIT_LOC_STRINGS = YES;
				SWIFT_VERSION = 5.0;
				TARGETED_DEVICE_FAMILY = 1;
			};
			name = Debug;
		};
		D215B53E2DA81F5700260536 /* Release */ = {
			isa = XCBuildConfiguration;
			buildSettings = {
				ASSETCATALOG_COMPILER_APPICON_NAME = AppIcon;
				ASSETCATALOG_COMPILER_GLOBAL_ACCENT_COLOR_NAME = AccentColor;
				CODE_SIGN_ENTITLEMENTS = sohwagi_ios/sohwagi_ios.entitlements;
				CODE_SIGN_STYLE = Automatic;
				CURRENT_PROJECT_VERSION = 1;
				DEVELOPMENT_ASSET_PATHS = "\"sohwagi_ios/Preview Content\"";
				DEVELOPMENT_TEAM = NB9CWVKQN2;
				ENABLE_PREVIEWS = YES;
				GENERATE_INFOPLIST_FILE = YES;
				INFOPLIST_FILE = "$(SRCROOT)/sohwagi_ios/Info_dev.plist";
				INFOPLIST_KEY_CFBundleDisplayName = "소화기_dev";
				INFOPLIST_KEY_UIApplicationSceneManifest_Generation = YES;
				INFOPLIST_KEY_UIApplicationSupportsIndirectInputEvents = YES;
				INFOPLIST_KEY_UILaunchScreen_Generation = YES;
				INFOPLIST_KEY_UISupportedInterfaceOrientations_iPad = "UIInterfaceOrientationPortrait UIInterfaceOrientationPortraitUpsideDown UIInterfaceOrientationLandscapeLeft UIInterfaceOrientationLandscapeRight";
				INFOPLIST_KEY_UISupportedInterfaceOrientations_iPhone = "UIInterfaceOrientationPortrait UIInterfaceOrientationLandscapeLeft UIInterfaceOrientationLandscapeRight";
				LD_RUNPATH_SEARCH_PATHS = (
					"$(inherited)",
					"@executable_path/Frameworks",
				);
				MARKETING_VERSION = 1.0.0;
				PRODUCT_BUNDLE_IDENTIFIER = com.sohwagi.ios.dev;
				PRODUCT_NAME = "$(TARGET_NAME)";
				SUPPORTED_PLATFORMS = "iphoneos iphonesimulator";
				SUPPORTS_MACCATALYST = NO;
				SUPPORTS_MAC_DESIGNED_FOR_IPHONE_IPAD = NO;
				SUPPORTS_XR_DESIGNED_FOR_IPHONE_IPAD = NO;
				SWIFT_EMIT_LOC_STRINGS = YES;
				SWIFT_VERSION = 5.0;
				TARGETED_DEVICE_FAMILY = 1;
			};
			name = Release;
		};
		D23D7AC82D1C215D0016B8D1 /* Debug */ = {
			isa = XCBuildConfiguration;
			buildSettings = {
				ALWAYS_SEARCH_USER_PATHS = NO;
				ASSETCATALOG_COMPILER_GENERATE_SWIFT_ASSET_SYMBOL_EXTENSIONS = YES;
				CLANG_ANALYZER_NONNULL = YES;
				CLANG_ANALYZER_NUMBER_OBJECT_CONVERSION = YES_AGGRESSIVE;
				CLANG_CXX_LANGUAGE_STANDARD = "gnu++20";
				CLANG_ENABLE_MODULES = YES;
				CLANG_ENABLE_OBJC_ARC = YES;
				CLANG_ENABLE_OBJC_WEAK = YES;
				CLANG_WARN_BLOCK_CAPTURE_AUTORELEASING = YES;
				CLANG_WARN_BOOL_CONVERSION = YES;
				CLANG_WARN_COMMA = YES;
				CLANG_WARN_CONSTANT_CONVERSION = YES;
				CLANG_WARN_DEPRECATED_OBJC_IMPLEMENTATIONS = YES;
				CLANG_WARN_DIRECT_OBJC_ISA_USAGE = YES_ERROR;
				CLANG_WARN_DOCUMENTATION_COMMENTS = YES;
				CLANG_WARN_EMPTY_BODY = YES;
				CLANG_WARN_ENUM_CONVERSION = YES;
				CLANG_WARN_INFINITE_RECURSION = YES;
				CLANG_WARN_INT_CONVERSION = YES;
				CLANG_WARN_NON_LITERAL_NULL_CONVERSION = YES;
				CLANG_WARN_OBJC_IMPLICIT_RETAIN_SELF = YES;
				CLANG_WARN_OBJC_LITERAL_CONVERSION = YES;
				CLANG_WARN_OBJC_ROOT_CLASS = YES_ERROR;
				CLANG_WARN_QUOTED_INCLUDE_IN_FRAMEWORK_HEADER = YES;
				CLANG_WARN_RANGE_LOOP_ANALYSIS = YES;
				CLANG_WARN_STRICT_PROTOTYPES = YES;
				CLANG_WARN_SUSPICIOUS_MOVE = YES;
				CLANG_WARN_UNGUARDED_AVAILABILITY = YES_AGGRESSIVE;
				CLANG_WARN_UNREACHABLE_CODE = YES;
				CLANG_WARN__DUPLICATE_METHOD_MATCH = YES;
				COPY_PHASE_STRIP = NO;
				DEBUG_INFORMATION_FORMAT = dwarf;
				ENABLE_STRICT_OBJC_MSGSEND = YES;
				ENABLE_TESTABILITY = YES;
				ENABLE_USER_SCRIPT_SANDBOXING = YES;
				GCC_C_LANGUAGE_STANDARD = gnu17;
				GCC_DYNAMIC_NO_PIC = NO;
				GCC_NO_COMMON_BLOCKS = YES;
				GCC_OPTIMIZATION_LEVEL = 0;
				GCC_PREPROCESSOR_DEFINITIONS = (
					"DEBUG=1",
					"$(inherited)",
				);
				GCC_WARN_64_TO_32_BIT_CONVERSION = YES;
				GCC_WARN_ABOUT_RETURN_TYPE = YES_ERROR;
				GCC_WARN_UNDECLARED_SELECTOR = YES;
				GCC_WARN_UNINITIALIZED_AUTOS = YES_AGGRESSIVE;
				GCC_WARN_UNUSED_FUNCTION = YES;
				GCC_WARN_UNUSED_VARIABLE = YES;
				IPHONEOS_DEPLOYMENT_TARGET = 17.5;
				LOCALIZATION_PREFERS_STRING_CATALOGS = YES;
				MTL_ENABLE_DEBUG_INFO = INCLUDE_SOURCE;
				MTL_FAST_MATH = YES;
				ONLY_ACTIVE_ARCH = YES;
				SDKROOT = iphoneos;
				SWIFT_ACTIVE_COMPILATION_CONDITIONS = "DEBUG $(inherited)";
				SWIFT_OPTIMIZATION_LEVEL = "-Onone";
			};
			name = Debug;
		};
		D23D7AC92D1C215D0016B8D1 /* Release */ = {
			isa = XCBuildConfiguration;
			buildSettings = {
				ALWAYS_SEARCH_USER_PATHS = NO;
				ASSETCATALOG_COMPILER_GENERATE_SWIFT_ASSET_SYMBOL_EXTENSIONS = YES;
				CLANG_ANALYZER_NONNULL = YES;
				CLANG_ANALYZER_NUMBER_OBJECT_CONVERSION = YES_AGGRESSIVE;
				CLANG_CXX_LANGUAGE_STANDARD = "gnu++20";
				CLANG_ENABLE_MODULES = YES;
				CLANG_ENABLE_OBJC_ARC = YES;
				CLANG_ENABLE_OBJC_WEAK = YES;
				CLANG_WARN_BLOCK_CAPTURE_AUTORELEASING = YES;
				CLANG_WARN_BOOL_CONVERSION = YES;
				CLANG_WARN_COMMA = YES;
				CLANG_WARN_CONSTANT_CONVERSION = YES;
				CLANG_WARN_DEPRECATED_OBJC_IMPLEMENTATIONS = YES;
				CLANG_WARN_DIRECT_OBJC_ISA_USAGE = YES_ERROR;
				CLANG_WARN_DOCUMENTATION_COMMENTS = YES;
				CLANG_WARN_EMPTY_BODY = YES;
				CLANG_WARN_ENUM_CONVERSION = YES;
				CLANG_WARN_INFINITE_RECURSION = YES;
				CLANG_WARN_INT_CONVERSION = YES;
				CLANG_WARN_NON_LITERAL_NULL_CONVERSION = YES;
				CLANG_WARN_OBJC_IMPLICIT_RETAIN_SELF = YES;
				CLANG_WARN_OBJC_LITERAL_CONVERSION = YES;
				CLANG_WARN_OBJC_ROOT_CLASS = YES_ERROR;
				CLANG_WARN_QUOTED_INCLUDE_IN_FRAMEWORK_HEADER = YES;
				CLANG_WARN_RANGE_LOOP_ANALYSIS = YES;
				CLANG_WARN_STRICT_PROTOTYPES = YES;
				CLANG_WARN_SUSPICIOUS_MOVE = YES;
				CLANG_WARN_UNGUARDED_AVAILABILITY = YES_AGGRESSIVE;
				CLANG_WARN_UNREACHABLE_CODE = YES;
				CLANG_WARN__DUPLICATE_METHOD_MATCH = YES;
				COPY_PHASE_STRIP = NO;
				DEBUG_INFORMATION_FORMAT = "dwarf-with-dsym";
				ENABLE_NS_ASSERTIONS = NO;
				ENABLE_STRICT_OBJC_MSGSEND = YES;
				ENABLE_USER_SCRIPT_SANDBOXING = YES;
				GCC_C_LANGUAGE_STANDARD = gnu17;
				GCC_NO_COMMON_BLOCKS = YES;
				GCC_WARN_64_TO_32_BIT_CONVERSION = YES;
				GCC_WARN_ABOUT_RETURN_TYPE = YES_ERROR;
				GCC_WARN_UNDECLARED_SELECTOR = YES;
				GCC_WARN_UNINITIALIZED_AUTOS = YES_AGGRESSIVE;
				GCC_WARN_UNUSED_FUNCTION = YES;
				GCC_WARN_UNUSED_VARIABLE = YES;
				IPHONEOS_DEPLOYMENT_TARGET = 17.5;
				LOCALIZATION_PREFERS_STRING_CATALOGS = YES;
				MTL_ENABLE_DEBUG_INFO = NO;
				MTL_FAST_MATH = YES;
				SDKROOT = iphoneos;
				SWIFT_COMPILATION_MODE = wholemodule;
				VALIDATE_PRODUCT = YES;
			};
			name = Release;
		};
		D23D7ACB2D1C215D0016B8D1 /* Debug */ = {
			isa = XCBuildConfiguration;
			buildSettings = {
				ASSETCATALOG_COMPILER_APPICON_NAME = AppIcon;
				ASSETCATALOG_COMPILER_GLOBAL_ACCENT_COLOR_NAME = AccentColor;
				CODE_SIGN_ENTITLEMENTS = sohwagi_ios/sohwagi_ios.entitlements;
				CODE_SIGN_STYLE = Automatic;
				CURRENT_PROJECT_VERSION = 1;
				DEVELOPMENT_ASSET_PATHS = "\"sohwagi_ios/Preview Content\"";
				DEVELOPMENT_TEAM = NB9CWVKQN2;
				ENABLE_PREVIEWS = YES;
				GENERATE_INFOPLIST_FILE = YES;
				INFOPLIST_FILE = "sohwagi-ios-Info.plist";
				INFOPLIST_KEY_CFBundleDisplayName = "소화기";
				INFOPLIST_KEY_UIApplicationSceneManifest_Generation = YES;
				INFOPLIST_KEY_UIApplicationSupportsIndirectInputEvents = YES;
				INFOPLIST_KEY_UILaunchScreen_Generation = YES;
				INFOPLIST_KEY_UISupportedInterfaceOrientations_iPad = "UIInterfaceOrientationPortrait UIInterfaceOrientationPortraitUpsideDown UIInterfaceOrientationLandscapeLeft UIInterfaceOrientationLandscapeRight";
				INFOPLIST_KEY_UISupportedInterfaceOrientations_iPhone = "UIInterfaceOrientationPortrait UIInterfaceOrientationLandscapeLeft UIInterfaceOrientationLandscapeRight";
				LD_RUNPATH_SEARCH_PATHS = (
					"$(inherited)",
					"@executable_path/Frameworks",
				);
				MARKETING_VERSION = 1.0.2;
				PRODUCT_BUNDLE_IDENTIFIER = com.sohwagi.ios;
				PRODUCT_NAME = "$(TARGET_NAME)";
				SUPPORTED_PLATFORMS = "iphoneos iphonesimulator";
				SUPPORTS_MACCATALYST = NO;
				SUPPORTS_MAC_DESIGNED_FOR_IPHONE_IPAD = NO;
				SUPPORTS_XR_DESIGNED_FOR_IPHONE_IPAD = NO;
				SWIFT_EMIT_LOC_STRINGS = YES;
				SWIFT_VERSION = 5.0;
				TARGETED_DEVICE_FAMILY = 1;
			};
			name = Debug;
		};
		D23D7ACC2D1C215D0016B8D1 /* Release */ = {
			isa = XCBuildConfiguration;
			buildSettings = {
				ASSETCATALOG_COMPILER_APPICON_NAME = AppIcon;
				ASSETCATALOG_COMPILER_GLOBAL_ACCENT_COLOR_NAME = AccentColor;
				CODE_SIGN_ENTITLEMENTS = sohwagi_ios/sohwagi_ios.entitlements;
				CODE_SIGN_STYLE = Automatic;
				CURRENT_PROJECT_VERSION = 1;
				DEVELOPMENT_ASSET_PATHS = "\"sohwagi_ios/Preview Content\"";
				DEVELOPMENT_TEAM = NB9CWVKQN2;
				ENABLE_PREVIEWS = YES;
				GENERATE_INFOPLIST_FILE = YES;
				INFOPLIST_FILE = "sohwagi-ios-Info.plist";
				INFOPLIST_KEY_CFBundleDisplayName = "소화기";
				INFOPLIST_KEY_UIApplicationSceneManifest_Generation = YES;
				INFOPLIST_KEY_UIApplicationSupportsIndirectInputEvents = YES;
				INFOPLIST_KEY_UILaunchScreen_Generation = YES;
				INFOPLIST_KEY_UISupportedInterfaceOrientations_iPad = "UIInterfaceOrientationPortrait UIInterfaceOrientationPortraitUpsideDown UIInterfaceOrientationLandscapeLeft UIInterfaceOrientationLandscapeRight";
				INFOPLIST_KEY_UISupportedInterfaceOrientations_iPhone = "UIInterfaceOrientationPortrait UIInterfaceOrientationLandscapeLeft UIInterfaceOrientationLandscapeRight";
				LD_RUNPATH_SEARCH_PATHS = (
					"$(inherited)",
					"@executable_path/Frameworks",
				);
				MARKETING_VERSION = 1.0.2;
				PRODUCT_BUNDLE_IDENTIFIER = com.sohwagi.ios;
				PRODUCT_NAME = "$(TARGET_NAME)";
				SUPPORTED_PLATFORMS = "iphoneos iphonesimulator";
				SUPPORTS_MACCATALYST = NO;
				SUPPORTS_MAC_DESIGNED_FOR_IPHONE_IPAD = NO;
				SUPPORTS_XR_DESIGNED_FOR_IPHONE_IPAD = NO;
				SWIFT_EMIT_LOC_STRINGS = YES;
				SWIFT_VERSION = 5.0;
				TARGETED_DEVICE_FAMILY = 1;
			};
			name = Release;
		};
		D23D7ACE2D1C215D0016B8D1 /* Debug */ = {
			isa = XCBuildConfiguration;
			buildSettings = {
				ALWAYS_EMBED_SWIFT_STANDARD_LIBRARIES = YES;
				BUNDLE_LOADER = "$(TEST_HOST)";
				CODE_SIGN_STYLE = Automatic;
				CURRENT_PROJECT_VERSION = 1;
				DEVELOPMENT_TEAM = NB9CWVKQN2;
				GENERATE_INFOPLIST_FILE = YES;
				IPHONEOS_DEPLOYMENT_TARGET = 17.5;
				MARKETING_VERSION = 1.0;
				PRODUCT_BUNDLE_IDENTIFIER = "com.sohwagi.ios.sohwagi-iosTests";
				PRODUCT_NAME = "$(TARGET_NAME)";
				SWIFT_EMIT_LOC_STRINGS = NO;
				SWIFT_VERSION = 5.0;
				TARGETED_DEVICE_FAMILY = "1,2";
				TEST_HOST = "$(BUILT_PRODUCTS_DIR)/sohwagi_ios.app/$(BUNDLE_EXECUTABLE_FOLDER_PATH)/sohwagi_ios";
			};
			name = Debug;
		};
		D23D7ACF2D1C215D0016B8D1 /* Release */ = {
			isa = XCBuildConfiguration;
			buildSettings = {
				ALWAYS_EMBED_SWIFT_STANDARD_LIBRARIES = YES;
				BUNDLE_LOADER = "$(TEST_HOST)";
				CODE_SIGN_STYLE = Automatic;
				CURRENT_PROJECT_VERSION = 1;
				DEVELOPMENT_TEAM = NB9CWVKQN2;
				GENERATE_INFOPLIST_FILE = YES;
				IPHONEOS_DEPLOYMENT_TARGET = 17.5;
				MARKETING_VERSION = 1.0;
				PRODUCT_BUNDLE_IDENTIFIER = "com.sohwagi.ios.sohwagi-iosTests";
				PRODUCT_NAME = "$(TARGET_NAME)";
				SWIFT_EMIT_LOC_STRINGS = NO;
				SWIFT_VERSION = 5.0;
				TARGETED_DEVICE_FAMILY = "1,2";
				TEST_HOST = "$(BUILT_PRODUCTS_DIR)/sohwagi_ios.app/$(BUNDLE_EXECUTABLE_FOLDER_PATH)/sohwagi_ios";
			};
			name = Release;
		};
		D23D7AD12D1C215D0016B8D1 /* Debug */ = {
			isa = XCBuildConfiguration;
			buildSettings = {
				ALWAYS_EMBED_SWIFT_STANDARD_LIBRARIES = YES;
				CODE_SIGN_STYLE = Automatic;
				CURRENT_PROJECT_VERSION = 1;
				DEVELOPMENT_TEAM = NB9CWVKQN2;
				GENERATE_INFOPLIST_FILE = YES;
				MARKETING_VERSION = 1.0;
				PRODUCT_BUNDLE_IDENTIFIER = "com.sohwagi.ios.sohwagi-iosUITests";
				PRODUCT_NAME = "$(TARGET_NAME)";
				SWIFT_EMIT_LOC_STRINGS = NO;
				SWIFT_VERSION = 5.0;
				TARGETED_DEVICE_FAMILY = "1,2";
				TEST_TARGET_NAME = sohwagi_ios;
			};
			name = Debug;
		};
		D23D7AD22D1C215D0016B8D1 /* Release */ = {
			isa = XCBuildConfiguration;
			buildSettings = {
				ALWAYS_EMBED_SWIFT_STANDARD_LIBRARIES = YES;
				CODE_SIGN_STYLE = Automatic;
				CURRENT_PROJECT_VERSION = 1;
				DEVELOPMENT_TEAM = NB9CWVKQN2;
				GENERATE_INFOPLIST_FILE = YES;
				MARKETING_VERSION = 1.0;
				PRODUCT_BUNDLE_IDENTIFIER = "com.sohwagi.ios.sohwagi-iosUITests";
				PRODUCT_NAME = "$(TARGET_NAME)";
				SWIFT_EMIT_LOC_STRINGS = NO;
				SWIFT_VERSION = 5.0;
				TARGETED_DEVICE_FAMILY = "1,2";
				TEST_TARGET_NAME = sohwagi_ios;
			};
			name = Release;
		};
/* End XCBuildConfiguration section */

/* Begin XCConfigurationList section */
		D215B53C2DA81F5700260536 /* Build configuration list for PBXNativeTarget "sohwagi_ios_dev" */ = {
			isa = XCConfigurationList;
			buildConfigurations = (
				D215B53D2DA81F5700260536 /* Debug */,
				D215B53E2DA81F5700260536 /* Release */,
			);
			defaultConfigurationIsVisible = 0;
			defaultConfigurationName = Release;
		};
		D23D7AA12D1C215D0016B8D1 /* Build configuration list for PBXProject "sohwagi_ios" */ = {
			isa = XCConfigurationList;
			buildConfigurations = (
				D23D7AC82D1C215D0016B8D1 /* Debug */,
				D23D7AC92D1C215D0016B8D1 /* Release */,
			);
			defaultConfigurationIsVisible = 0;
			defaultConfigurationName = Release;
		};
		D23D7ACA2D1C215D0016B8D1 /* Build configuration list for PBXNativeTarget "sohwagi_ios" */ = {
			isa = XCConfigurationList;
			buildConfigurations = (
				D23D7ACB2D1C215D0016B8D1 /* Debug */,
				D23D7ACC2D1C215D0016B8D1 /* Release */,
			);
			defaultConfigurationIsVisible = 0;
			defaultConfigurationName = Release;
		};
		D23D7ACD2D1C215D0016B8D1 /* Build configuration list for PBXNativeTarget "sohwagi_iosTests" */ = {
			isa = XCConfigurationList;
			buildConfigurations = (
				D23D7ACE2D1C215D0016B8D1 /* Debug */,
				D23D7ACF2D1C215D0016B8D1 /* Release */,
			);
			defaultConfigurationIsVisible = 0;
			defaultConfigurationName = Release;
		};
		D23D7AD02D1C215D0016B8D1 /* Build configuration list for PBXNativeTarget "sohwagi_iosUITests" */ = {
			isa = XCConfigurationList;
			buildConfigurations = (
				D23D7AD12D1C215D0016B8D1 /* Debug */,
				D23D7AD22D1C215D0016B8D1 /* Release */,
			);
			defaultConfigurationIsVisible = 0;
			defaultConfigurationName = Release;
		};
/* End XCConfigurationList section */

/* Begin XCRemoteSwiftPackageReference section */
		D215B52C2DA81F5700260536 /* XCRemoteSwiftPackageReference "firebase-ios-sdk" */ = {
			isa = XCRemoteSwiftPackageReference;
			repositoryURL = "https://github.com/firebase/firebase-ios-sdk";
			requirement = {
				kind = upToNextMajorVersion;
				minimumVersion = 11.6.0;
			};
		};
		D23D7AD52D1C22CA0016B8D1 /* XCRemoteSwiftPackageReference "firebase-ios-sdk" */ = {
			isa = XCRemoteSwiftPackageReference;
			repositoryURL = "https://github.com/firebase/firebase-ios-sdk";
			requirement = {
				kind = upToNextMajorVersion;
				minimumVersion = 11.6.0;
			};
		};
/* End XCRemoteSwiftPackageReference section */

/* Begin XCSwiftPackageProductDependency section */
		D215B52B2DA81F5700260536 /* FirebaseAuth */ = {
			isa = XCSwiftPackageProductDependency;
			package = D215B52C2DA81F5700260536 /* XCRemoteSwiftPackageReference "firebase-ios-sdk" */;
			productName = FirebaseAuth;
		};
		D215B52D2DA81F5700260536 /* FirebaseCore */ = {
			isa = XCSwiftPackageProductDependency;
			package = D215B52C2DA81F5700260536 /* XCRemoteSwiftPackageReference "firebase-ios-sdk" */;
			productName = FirebaseCore;
		};
		D215B52E2DA81F5700260536 /* FirebaseMessaging */ = {
			isa = XCSwiftPackageProductDependency;
			package = D215B52C2DA81F5700260536 /* XCRemoteSwiftPackageReference "firebase-ios-sdk" */;
			productName = FirebaseMessaging;
		};
		D2939B192D1C25BB00A037AA /* FirebaseAuth */ = {
			isa = XCSwiftPackageProductDependency;
			package = D23D7AD52D1C22CA0016B8D1 /* XCRemoteSwiftPackageReference "firebase-ios-sdk" */;
			productName = FirebaseAuth;
		};
		D2939B1B2D1C25BF00A037AA /* FirebaseCore */ = {
			isa = XCSwiftPackageProductDependency;
			package = D23D7AD52D1C22CA0016B8D1 /* XCRemoteSwiftPackageReference "firebase-ios-sdk" */;
			productName = FirebaseCore;
		};
		D2939B1F2D1C27BF00A037AA /* FirebaseMessaging */ = {
			isa = XCSwiftPackageProductDependency;
			package = D23D7AD52D1C22CA0016B8D1 /* XCRemoteSwiftPackageReference "firebase-ios-sdk" */;
			productName = FirebaseMessaging;
		};
/* End XCSwiftPackageProductDependency section */
	};
	rootObject = D23D7A9E2D1C215D0016B8D1 /* Project object */;
}
